
Microsoft Visual Studio Solution File, Format Version 12.00
# Visual Studio Version 16
VisualStudioVersion = 16.0.29519.87
MinimumVisualStudioVersion = 10.0.40219.1
Project("{FAE04EC0-301F-11D3-BF4B-00C04F79EFBC}") = "WebServerSimple", "WebServerSimple\WebServerSimple.csproj", "{F993C09C-41DA-4028-AAA3-3ABB28434B4A}"
EndProject
Project("{FAE04EC0-301F-11D3-BF4B-00C04F79EFBC}") = "WebFramework", "WebFramework\WebFramework.csproj", "{16253D2C-B2EB-4920-AADD-ECC1FCF8425C}"
EndProject
Global
	GlobalSection(SolutionConfigurationPlatforms) = preSolution
		Debug|Any CPU = Debug|Any CPU
		Release|Any CPU = Release|Any CPU
	EndGlobalSection
	GlobalSection(ProjectConfigurationPlatforms) = postSolution
		{F993C09C-41DA-4028-AAA3-3ABB28434B4A}.Debug|Any CPU.ActiveCfg = Debug|Any CPU
		{F993C09C-41DA-4028-AAA3-3ABB28434B4A}.Debug|Any CPU.Build.0 = Debug|Any CPU
		{F993C09C-41DA-4028-AAA3-3ABB28434B4A}.Release|Any CPU.ActiveCfg = Release|Any CPU
		{F993C09C-41DA-4028-AAA3-3ABB28434B4A}.Release|Any CPU.Build.0 = Release|Any CPU
		{16253D2C-B2EB-4920-AADD-ECC1FCF8425C}.Debug|Any CPU.ActiveCfg = Debug|Any CPU
		{16253D2C-B2EB-4920-AADD-ECC1FCF8425C}.Debug|Any CPU.Build.0 = Debug|Any CPU
		{16253D2C-B2EB-4920-AADD-ECC1FCF8425C}.Release|Any CPU.ActiveCfg = Release|Any CPU
		{16253D2C-B2EB-4920-AADD-ECC1FCF8425C}.Release|Any CPU.Build.0 = Release|Any CPU
	EndGlobalSection
	GlobalSection(SolutionProperties) = preSolution
		HideSolutionNode = FALSE
	EndGlobalSection
	GlobalSection(ExtensibilityGlobals) = postSolution
		SolutionGuid = {D0BB300B-E2EC-4ADA-A9E4-C28920A9C9F6}
	EndGlobalSection
EndGlobal
